
Microsoft Visual Studio Solution File, Format Version 12.00
# Visual Studio Version 16
VisualStudioVersion = 16.0.31911.196
MinimumVisualStudioVersion = 10.0.40219.1
Project("{2150E333-8FDC-42A3-9474-1A3956D46DE8}") = "src", "src", "{6D3AFE04-42E1-4295-96BF-2EC887E52997}"
EndProject
Project("{9A19103F-16F7-4668-BE54-9A1E7A4F7556}") = "Wyrm", "src\Wyrm\Wyrm.csproj", "{DAF42F73-7446-453B-8A2F-8EE5D6E02B63}"
EndProject
Global
	GlobalSection(SolutionConfigurationPlatforms) = preSolution
		Debug|Any CPU = Debug|Any CPU
		Release|Any CPU = Release|Any CPU
	EndGlobalSection
	GlobalSection(ProjectConfigurationPlatforms) = postSolution
		{DAF42F73-7446-453B-8A2F-8EE5D6E02B63}.Debug|Any CPU.ActiveCfg = Debug|Any CPU
		{DAF42F73-7446-453B-8A2F-8EE5D6E02B63}.Debug|Any CPU.Build.0 = Debug|Any CPU
		{DAF42F73-7446-453B-8A2F-8EE5D6E02B63}.Release|Any CPU.ActiveCfg = Release|Any CPU
		{DAF42F73-7446-453B-8A2F-8EE5D6E02B63}.Release|Any CPU.Build.0 = Release|Any CPU
	EndGlobalSection
	GlobalSection(SolutionProperties) = preSolution
		HideSolutionNode = FALSE
	EndGlobalSection
	GlobalSection(NestedProjects) = preSolution
		{DAF42F73-7446-453B-8A2F-8EE5D6E02B63} = {6D3AFE04-42E1-4295-96BF-2EC887E52997}
	EndGlobalSection
	GlobalSection(ExtensibilityGlobals) = postSolution
		SolutionGuid = {0CD4BC0B-8707-4F9D-AFA3-A374DE61B4DA}
	EndGlobalSection
EndGlobal
